dependencies:
  esbuild: 0.8.32
devDependencies:
  '@types/node': 14.14.20
lockfileVersion: 5.2
packages:
  /@types/node/14.14.20:
    dev: true
    resolution:
      integrity: sha512-Y93R97Ouif9JEOWPIUyU+eyIdyRqQR0I8Ez1dzku4hDx34NWh4HbtIc3WNzwB1Y9ULvNGeu5B8h8bVL5cAk4/A==
  /esbuild/0.8.32:
    dev: false
    hasBin: true
    requiresBuild: true
    resolution:
      integrity: sha512-5IzQapMW/wFy5oxziHCJzawk26K3xeyrIAQPnPN3c0Q84hqRw6IfGDGfGWOdJNw5tAx77yvwqZ4r1QMpo6emJA==
specifiers:
  '@types/node': ^14.14.20
  esbuild: ^0.8.31
